{
    "alcaeus/mongo-php-adapter": {
        "version": "1.1.5"
    },
    "defuse/php-encryption": {
        "version": "v2.2.1"
    },
    "doctrine/annotations": {
        "version": "1.0",
        "recipe": {
            "repo": "github.com/symfony/recipes",
            "branch": "master",
            "version": "1.0",
            "ref": "cb4152ebcadbe620ea2261da1a1c5a9b8cea7672"
        }
    },
    "doctrine/cache": {
        "version": "v1.8.0"
    },
    "doctrine/collections": {
        "version": "v1.5.0"
    },
    "doctrine/common": {
        "version": "v2.10.0"
    },
    "doctrine/event-manager": {
        "version": "v1.0.0"
    },
    "doctrine/inflector": {
        "version": "v1.3.0"
    },
    "doctrine/instantiator": {
        "version": "1.1.0"
    },
    "doctrine/lexer": {
        "version": "v1.0.1"
    },
    "doctrine/mongodb": {
        "version": "1.6.3"
    },
    "doctrine/mongodb-odm": {
        "version": "1.2.5"
    },
    "doctrine/mongodb-odm-bundle": {
        "version": "3.3",
        "recipe": {
            "repo": "github.com/symfony/recipes-contrib",
            "branch": "master",
            "version": "3.3",
            "ref": "e1ee362a520ff9e3e7c38fb5399499427ed91314"
        }
    },
    "doctrine/persistence": {
        "version": "v1.1.0"
    },
    "doctrine/reflection": {
        "version": "v1.0.0"
    },
    "fgrosse/phpasn1": {
        "version": "v2.1.1"
    },
    "lcobucci/jwt": {
        "version": "3.2.5"
    },
    "league/event": {
        "version": "2.2.0"
    },
    "league/oauth2-server": {
        "version": "7.3.2"
    },
    "mongodb/mongodb": {
        "version": "1.4.2"
    },
    "phpseclib/phpseclib": {
        "version": "2.0.13"
    },
    "psr/cache": {
        "version": "1.0.1"
    },
    "psr/container": {
        "version": "1.0.0"
    },
    "psr/http-message": {
        "version": "1.0.1"
    },
    "psr/log": {
        "version": "1.1.0"
    },
    "psr/simple-cache": {
        "version": "1.0.1"
    },
    "sensio/framework-extra-bundle": {
        "version": "5.2",
        "recipe": {
            "repo": "github.com/symfony/recipes",
            "branch": "master",
            "version": "5.2",
            "ref": "fb7e19da7f013d0d422fa9bce16f5c510e27609b"
        }
    },
    "spomky-labs/base64url": {
        "version": "v2.0.1"
    },
    "symfony/cache": {
        "version": "v4.2.1"
    },
    "symfony/config": {
        "version": "v4.2.1"
    },
    "symfony/console": {
        "version": "3.3",
        "recipe": {
            "repo": "github.com/symfony/recipes",
            "branch": "master",
            "version": "3.3",
            "ref": "0fa049c19069a65f52c1c181d64be3de672c1504"
        }
    },
    "symfony/contracts": {
        "version": "v1.0.2"
    },
    "symfony/debug": {
        "version": "v4.2.1"
    },
    "symfony/dependency-injection": {
        "version": "v4.2.1"
    },
    "symfony/doctrine-bridge": {
        "version": "v4.2.2"
    },
    "symfony/dotenv": {
        "version": "v4.2.1"
    },
    "symfony/event-dispatcher": {
        "version": "v4.2.1"
    },
    "symfony/filesystem": {
        "version": "v4.2.1"
    },
    "symfony/finder": {
        "version": "v4.2.1"
    },
    "symfony/flex": {
        "version": "1.0",
        "recipe": {
            "repo": "github.com/symfony/recipes",
            "branch": "master",
            "version": "1.0",
            "ref": "dc3fc2e0334a4137c47cfd5a3ececc601fa61a0b"
        }
    },
    "symfony/framework-bundle": {
        "version": "4.2",
        "recipe": {
            "repo": "github.com/symfony/recipes",
            "branch": "master",
            "version": "4.2",
            "ref": "ad330af340e55acbaabccf857f6ae2ab3cef34d6"
        }
    },
    "symfony/http-foundation": {
        "version": "v4.2.1"
    },
    "symfony/http-kernel": {
        "version": "v4.2.1"
    },
    "symfony/inflector": {
        "version": "v4.2.2"
    },
    "symfony/options-resolver": {
        "version": "v4.2.2"
    },
    "symfony/polyfill-mbstring": {
        "version": "v1.10.0"
    },
    "symfony/property-access": {
        "version": "v4.2.2"
    },
    "symfony/psr-http-message-bridge": {
        "version": "v1.1.0"
    },
    "symfony/routing": {
        "version": "4.2",
        "recipe": {
            "repo": "github.com/symfony/recipes",
            "branch": "master",
            "version": "4.2",
            "ref": "5374e24d508ba8fd6ba9eb15170255fdb778316a"
        }
    },
    "symfony/security-bundle": {
        "version": "3.3",
        "recipe": {
            "repo": "github.com/symfony/recipes",
            "branch": "master",
            "version": "3.3",
            "ref": "f8a63faa0d9521526499c0a8f403c9964ecb0527"
        }
    },
    "symfony/security-core": {
        "version": "v4.2.2"
    },
    "symfony/security-csrf": {
        "version": "v4.2.2"
    },
    "symfony/security-guard": {
        "version": "v4.2.2"
    },
    "symfony/security-http": {
        "version": "v4.2.2"
    },
    "symfony/var-exporter": {
        "version": "v4.2.1"
    },
    "symfony/yaml": {
        "version": "v4.2.1"
    },
    "web-token/jwt-bundle": {
        "version": "v1.3.0"
    },
    "web-token/jwt-core": {
        "version": "v1.3.0"
    },
    "zendframework/zend-diactoros": {
        "version": "1.8.6"
    }
}
